[root]
name = "main"
version = "0.1.0"
dependencies = [
 "permutohedron 0.2.2 (registry+https://github.com/rust-lang/crates.io-index)",
]

[[package]]
name = "permutohedron"
version = "0.2.2"
source = "registry+https://github.com/rust-lang/crates.io-index"

[metadata]
"checksum permutohedron 0.2.2 (registry+https://github.com/rust-lang/crates.io-index)" = "15205169997d28cfdc18e44d18bd34b70a0322a213e57bb968c22858ea70304f"
